
Microsoft Visual Studio Solution File, Format Version 12.00
Project("{FAE04EC0-301F-11D3-BF4B-00C04F79EFBC}") = "HtmxorTodoApp", "HtmxorTodoApp\HtmxorTodoApp.csproj", "{FE2D7470-20C3-43F6-BAFA-0BAB9D750E5E}"
EndProject
Project("{FAE04EC0-301F-11D3-BF4B-00C04F79EFBC}") = "HtmxorTodoApp.Client", "HtmxorTodoApp.Client\HtmxorTodoApp.Client.csproj", "{94720396-C168-4070-B856-41FC9D67DBD4}"
EndProject
Global
	GlobalSection(SolutionConfigurationPlatforms) = preSolution
		Debug|Any CPU = Debug|Any CPU
		Release|Any CPU = Release|Any CPU
	EndGlobalSection
	GlobalSection(ProjectConfigurationPlatforms) = postSolution
		{FE2D7470-20C3-43F6-BAFA-0BAB9D750E5E}.Debug|Any CPU.ActiveCfg = Debug|Any CPU
		{FE2D7470-20C3-43F6-BAFA-0BAB9D750E5E}.Debug|Any CPU.Build.0 = Debug|Any CPU
		{FE2D7470-20C3-43F6-BAFA-0BAB9D750E5E}.Release|Any CPU.ActiveCfg = Release|Any CPU
		{FE2D7470-20C3-43F6-BAFA-0BAB9D750E5E}.Release|Any CPU.Build.0 = Release|Any CPU
		{94720396-C168-4070-B856-41FC9D67DBD4}.Debug|Any CPU.ActiveCfg = Debug|Any CPU
		{94720396-C168-4070-B856-41FC9D67DBD4}.Debug|Any CPU.Build.0 = Debug|Any CPU
		{94720396-C168-4070-B856-41FC9D67DBD4}.Release|Any CPU.ActiveCfg = Release|Any CPU
		{94720396-C168-4070-B856-41FC9D67DBD4}.Release|Any CPU.Build.0 = Release|Any CPU
	EndGlobalSection
EndGlobal
