
Microsoft Visual Studio Solution File, Format Version 12.00
# Visual Studio Version 17
VisualStudioVersion = 17.10.34902.84
MinimumVisualStudioVersion = 10.0.40219.1
Project("{9A19103F-16F7-4668-BE54-9A1E7A4F7556}") = "HtmxorTodoApp", "HtmxorTodoApp\HtmxorTodoApp.csproj", "{FE2D7470-20C3-43F6-BAFA-0BAB9D750E5E}"
EndProject
Global
	GlobalSection(SolutionConfigurationPlatforms) = preSolution
		Debug|Any CPU = Debug|Any CPU
		Release|Any CPU = Release|Any CPU
	EndGlobalSection
	GlobalSection(ProjectConfigurationPlatforms) = postSolution
		{FE2D7470-20C3-43F6-BAFA-0BAB9D750E5E}.Debug|Any CPU.ActiveCfg = Debug|Any CPU
		{FE2D7470-20C3-43F6-BAFA-0BAB9D750E5E}.Debug|Any CPU.Build.0 = Debug|Any CPU
		{FE2D7470-20C3-43F6-BAFA-0BAB9D750E5E}.Release|Any CPU.ActiveCfg = Release|Any CPU
		{FE2D7470-20C3-43F6-BAFA-0BAB9D750E5E}.Release|Any CPU.Build.0 = Release|Any CPU
	EndGlobalSection
	GlobalSection(SolutionProperties) = preSolution
		HideSolutionNode = FALSE
	EndGlobalSection
	GlobalSection(ExtensibilityGlobals) = postSolution
		SolutionGuid = {F8366E59-224A-41B1-81F4-FD3513A97D40}
	EndGlobalSection
EndGlobal
